// !$*UTF8*$!
{
	archiveVersion = 1;
	classes = {};
	objectVersion = 56;
	objects = {

/* Begin PBXBuildFile section */
		A10000000000000000000007 /* DeviceCoordinator.swift in Sources */ = {isa = PBXBuildFile; fileRef = A20000000000000000000009 /* DeviceCoordinator.swift */; };
		A10000000000000000000008 /* HapticManager.swift in Sources */ = {isa = PBXBuildFile; fileRef = A20000000000000000000010 /* HapticManager.swift */; };
		A10000000000000000000006 /* NetworkManager.swift in Sources */ = {isa = PBXBuildFile; fileRef = A20000000000000000000007 /* NetworkManager.swift */; };
		A10000000000000000000005 /* AIInputProcessor.swift in Sources */ = {isa = PBXBuildFile; fileRef = A20000000000000000000006 /* AIInputProcessor.swift */; };
		A10000000000000000000004 /* AIInputBuffer.swift in Sources */ = {isa = PBXBuildFile; fileRef = A20000000000000000000005 /* AIInputBuffer.swift */; };
		A10000000000000000000003 /* AudioCaptureManager.swift in Sources */ = {isa = PBXBuildFile; fileRef = A20000000000000000000004 /* AudioCaptureManager.swift */; };
		A10000000000000000000001 /* MEITApp.swift in Sources */ = {isa = PBXBuildFile; fileRef = A20000000000000000000001 /* MEITApp.swift */; };
		A10000000000000000000002 /* ContentView.swift in Sources */ = {isa = PBXBuildFile; fileRef = A20000000000000000000002 /* ContentView.swift */; };
		A10000000000000000000009 /* OperatingMode.swift in Sources */ = {isa = PBXBuildFile; fileRef = A20000000000000000000011 /* OperatingMode.swift */; };
		A10000000000000000000010 /* HardwareModeView.swift in Sources */ = {isa = PBXBuildFile; fileRef = A20000000000000000000012 /* HardwareModeView.swift */; };
		A10000000000000000000011 /* FallbackModeView.swift in Sources */ = {isa = PBXBuildFile; fileRef = A20000000000000000000013 /* FallbackModeView.swift */; };
		A10000000000000000000012 /* FallbackDetailsView.swift in Sources */ = {isa = PBXBuildFile; fileRef = A20000000000000000000014 /* FallbackDetailsView.swift */; };
		A10000000000000000000013 /* AppLanguage.swift in Sources */ = {isa = PBXBuildFile; fileRef = A20000000000000000000015 /* AppLanguage.swift */; };
		A10000000000000000000014 /* LiveAudioView.swift in Sources */ = {isa = PBXBuildFile; fileRef = A20000000000000000000016 /* LiveAudioView.swift */; };
		A10000000000000000000015 /* Localizable.strings in Resources */ = {isa = PBXBuildFile; fileRef = A40000000000000000000009 /* Localizable.strings */; };
		A10000000000000000000016 /* Assets.xcassets in Resources */ = {isa = PBXBuildFile; fileRef = A20000000000000000000019 /* Assets.xcassets */; };
		B10000000000000000000001 /* StereoDirectionEstimator.swift in Sources */ = {isa = PBXBuildFile; fileRef = B20000000000000000000001 /* StereoDirectionEstimator.swift */; };
		B10000000000000000000002 /* WearableMicState.swift in Sources */ = {isa = PBXBuildFile; fileRef = B20000000000000000000002 /* WearableMicState.swift */; };
		B10000000000000000000003 /* WearableDiagnosticsView.swift in Sources */ = {isa = PBXBuildFile; fileRef = B20000000000000000000003 /* WearableDiagnosticsView.swift */; };
/* End PBXBuildFile section */

/* Begin PBXFileReference section */
		A20000000000000000000009 /* DeviceCoordinator.swift */ = {isa = PBXFileReference; lastKnownFileType = sourcecode.swift; path = DeviceCoordinator.swift; sourceTree = "<group>"; };
		A20000000000000000000010 /* HapticManager.swift */ = {isa = PBXFileReference; lastKnownFileType = sourcecode.swift; path = HapticManager.swift; sourceTree = "<group>"; };
		A20000000000000000000007 /* NetworkManager.swift */ = {isa = PBXFileReference; lastKnownFileType = sourcecode.swift; path = NetworkManager.swift; sourceTree = "<group>"; };
		A20000000000000000000008 /* Info.plist */ = {isa = PBXFileReference; lastKnownFileType = text.plist.xml; path = Info.plist; sourceTree = "<group>"; };
		A20000000000000000000006 /* AIInputProcessor.swift */ = {isa = PBXFileReference; lastKnownFileType = sourcecode.swift; path = AIInputProcessor.swift; sourceTree = "<group>"; };
		A20000000000000000000005 /* AIInputBuffer.swift */ = {isa = PBXFileReference; lastKnownFileType = sourcecode.swift; path = AIInputBuffer.swift; sourceTree = "<group>"; };
		A20000000000000000000004 /* AudioCaptureManager.swift */ = {isa = PBXFileReference; lastKnownFileType = sourcecode.swift; path = AudioCaptureManager.swift; sourceTree = "<group>"; };
		A20000000000000000000001 /* MEITApp.swift */ = {isa = PBXFileReference; lastKnownFileType = sourcecode.swift; path = MEITApp.swift; sourceTree = "<group>"; };
		A20000000000000000000002 /* ContentView.swift */ = {isa = PBXFileReference; lastKnownFileType = sourcecode.swift; path = ContentView.swift; sourceTree = "<group>"; };
		A20000000000000000000003 /* MEIT.app */ = {isa = PBXFileReference; explicitFileType = wrapper.application; includeInIndex = 0; path = MEIT.app; sourceTree = BUILT_PRODUCTS_DIR; };
		A20000000000000000000011 /* OperatingMode.swift */ = {isa = PBXFileReference; lastKnownFileType = sourcecode.swift; path = OperatingMode.swift; sourceTree = "<group>"; };
		A20000000000000000000012 /* HardwareModeView.swift */ = {isa = PBXFileReference; lastKnownFileType = sourcecode.swift; path = HardwareModeView.swift; sourceTree = "<group>"; };
		A20000000000000000000013 /* FallbackModeView.swift */ = {isa = PBXFileReference; lastKnownFileType = sourcecode.swift; path = FallbackModeView.swift; sourceTree = "<group>"; };
		A20000000000000000000014 /* FallbackDetailsView.swift */ = {isa = PBXFileReference; lastKnownFileType = sourcecode.swift; path = FallbackDetailsView.swift; sourceTree = "<group>"; };
		A20000000000000000000015 /* AppLanguage.swift */ = {isa = PBXFileReference; lastKnownFileType = sourcecode.swift; path = AppLanguage.swift; sourceTree = "<group>"; };
		A20000000000000000000016 /* LiveAudioView.swift */ = {isa = PBXFileReference; lastKnownFileType = sourcecode.swift; path = LiveAudioView.swift; sourceTree = "<group>"; };
		A20000000000000000000017 /* en */ = {isa = PBXFileReference; lastKnownFileType = text.plist.strings; name = en; path = en.lproj/Localizable.strings; sourceTree = "<group>"; };
		A20000000000000000000018 /* ko */ = {isa = PBXFileReference; lastKnownFileType = text.plist.strings; name = ko; path = ko.lproj/Localizable.strings; sourceTree = "<group>"; };
		A20000000000000000000019 /* Assets.xcassets */ = {isa = PBXFileReference; lastKnownFileType = folder.assetcatalog; path = Assets.xcassets; sourceTree = "<group>"; };
		B20000000000000000000001 /* StereoDirectionEstimator.swift */ = {isa = PBXFileReference; lastKnownFileType = sourcecode.swift; path = StereoDirectionEstimator.swift; sourceTree = "<group>"; };
		B20000000000000000000002 /* WearableMicState.swift */ = {isa = PBXFileReference; lastKnownFileType = sourcecode.swift; path = WearableMicState.swift; sourceTree = "<group>"; };
		B20000000000000000000003 /* WearableDiagnosticsView.swift */ = {isa = PBXFileReference; lastKnownFileType = sourcecode.swift; path = WearableDiagnosticsView.swift; sourceTree = "<group>"; };
/* End PBXFileReference section */

/* Begin PBXFrameworksBuildPhase section */
		A30000000000000000000001 /* Frameworks */ = {
			isa = PBXFrameworksBuildPhase;
			buildActionMask = 2147483647;
			files = ();
			runOnlyForDeploymentPostprocessing = 0;
		};
/* End PBXFrameworksBuildPhase section */

/* Begin PBXGroup section */
		A40000000000000000000001 = {
			isa = PBXGroup;
			children = (
				A40000000000000000000002 /* MEIT */,
				A40000000000000000000003 /* Products */,
			);
			sourceTree = "<group>";
		};
		A40000000000000000000002 /* MEIT */ = {
			isa = PBXGroup;
			children = (
				A20000000000000000000001 /* MEITApp.swift */,
				A20000000000000000000002 /* ContentView.swift */,
				A20000000000000000000019 /* Assets.xcassets */,
				A40000000000000000000007 /* Modes */,
				A40000000000000000000008 /* Localization */,
				A40000000000000000000004 /* Audio */,
				A40000000000000000000005 /* Network */,
				A40000000000000000000006 /* Haptics */,
				A20000000000000000000008 /* Info.plist */,
			);
			path = MEIT;
			sourceTree = "<group>";
		};
		A40000000000000000000003 /* Products */ = {
			isa = PBXGroup;
			children = (A20000000000000000000003 /* MEIT.app */,);
			name = Products;
			sourceTree = "<group>";
		};
		A40000000000000000000004 /* Audio */ = {
			isa = PBXGroup;
			children = (
				A20000000000000000000004 /* AudioCaptureManager.swift */,
				B20000000000000000000002 /* WearableMicState.swift */,
				B20000000000000000000001 /* StereoDirectionEstimator.swift */,
				A20000000000000000000005 /* AIInputBuffer.swift */,
				A20000000000000000000006 /* AIInputProcessor.swift */,
			);
			path = Audio;
			sourceTree = "<group>";
		};
		A40000000000000000000005 /* Network */ = {
			isa = PBXGroup;
			children = (A20000000000000000000007 /* NetworkManager.swift */, A20000000000000000000009 /* DeviceCoordinator.swift */,);
			path = Network;
			sourceTree = "<group>";
		};
		A40000000000000000000006 /* Haptics */ = {
			isa = PBXGroup;
			children = (A20000000000000000000010 /* HapticManager.swift */,);
			path = Haptics;
			sourceTree = "<group>";
		};
		A40000000000000000000007 /* Modes */ = {
			isa = PBXGroup;
			children = (
				A20000000000000000000011 /* OperatingMode.swift */,
				A20000000000000000000012 /* HardwareModeView.swift */,
				B20000000000000000000003 /* WearableDiagnosticsView.swift */,
				A20000000000000000000013 /* FallbackModeView.swift */,
				A20000000000000000000014 /* FallbackDetailsView.swift */,
				A20000000000000000000016 /* LiveAudioView.swift */,
			);
			path = Modes;
			sourceTree = "<group>";
		};
		A40000000000000000000008 /* Localization */ = {
			isa = PBXGroup;
			children = (
				A20000000000000000000015 /* AppLanguage.swift */,
				A40000000000000000000009 /* Localizable.strings */,
			);
			path = Localization;
			sourceTree = "<group>";
		};
/* End PBXGroup section */

/* Begin PBXVariantGroup section */
		A40000000000000000000009 /* Localizable.strings */ = {
			isa = PBXVariantGroup;
			children = (
				A20000000000000000000017 /* en */,
				A20000000000000000000018 /* ko */,
			);
			name = Localizable.strings;
			sourceTree = "<group>";
		};
/* End PBXVariantGroup section */

/* Begin PBXNativeTarget section */
		A50000000000000000000001 /* MEIT */ = {
			isa = PBXNativeTarget;
			buildConfigurationList = A90000000000000000000002 /* Build configuration list for PBXNativeTarget "MEIT" */;
			buildPhases = (
				A70000000000000000000001 /* Sources */,
				A30000000000000000000001 /* Frameworks */,
				A70000000000000000000002 /* Resources */,
			);
			buildRules = ();
			dependencies = ();
			name = MEIT;
			productName = MEIT;
			productReference = A20000000000000000000003 /* MEIT.app */;
			productType = "com.apple.product-type.application";
		};
/* End PBXNativeTarget section */

/* Begin PBXProject section */
		A60000000000000000000001 /* Project object */ = {
			isa = PBXProject;
			attributes = {
				BuildIndependentTargetsInParallel = YES;
				LastUpgradeCheck = 1600;
				TargetAttributes = {
					A50000000000000000000001 = {CreatedOnToolsVersion = 16.0; };
				};
			};
			buildConfigurationList = A90000000000000000000001 /* Build configuration list for PBXProject "MEIT" */;
			compatibilityVersion = "Xcode 14.0";
			developmentRegion = en;
			hasScannedForEncodings = 0;
			knownRegions = (en, ko, Base,);
			mainGroup = A40000000000000000000001;
			productRefGroup = A40000000000000000000003 /* Products */;
			projectDirPath = "";
			projectRoot = "";
			targets = (A50000000000000000000001 /* MEIT */,);
		};
/* End PBXProject section */

/* Begin PBXResourcesBuildPhase section */
		A70000000000000000000002 /* Resources */ = {
			isa = PBXResourcesBuildPhase;
			buildActionMask = 2147483647;
			files = (
				A10000000000000000000015 /* Localizable.strings in Resources */,
				A10000000000000000000016 /* Assets.xcassets in Resources */,
			);
			runOnlyForDeploymentPostprocessing = 0;
		};
/* End PBXResourcesBuildPhase section */

/* Begin PBXSourcesBuildPhase section */
		A70000000000000000000001 /* Sources */ = {
			isa = PBXSourcesBuildPhase;
			buildActionMask = 2147483647;
			files = (
				A10000000000000000000001 /* MEITApp.swift in Sources */,
				A10000000000000000000009 /* OperatingMode.swift in Sources */,
				A10000000000000000000010 /* HardwareModeView.swift in Sources */,
				A10000000000000000000011 /* FallbackModeView.swift in Sources */,
				A10000000000000000000012 /* FallbackDetailsView.swift in Sources */,
				A10000000000000000000013 /* AppLanguage.swift in Sources */,
				A10000000000000000000014 /* LiveAudioView.swift in Sources */,
				A10000000000000000000002 /* ContentView.swift in Sources */,
				A10000000000000000000003 /* AudioCaptureManager.swift in Sources */,
				B10000000000000000000003 /* WearableDiagnosticsView.swift in Sources */,
				B10000000000000000000002 /* WearableMicState.swift in Sources */,
				B10000000000000000000001 /* StereoDirectionEstimator.swift in Sources */,
				A10000000000000000000005 /* AIInputProcessor.swift in Sources */,
				A10000000000000000000004 /* AIInputBuffer.swift in Sources */,
				A10000000000000000000006 /* NetworkManager.swift in Sources */,
				A10000000000000000000007 /* DeviceCoordinator.swift in Sources */,
				A10000000000000000000008 /* HapticManager.swift in Sources */,
			);
			runOnlyForDeploymentPostprocessing = 0;
		};
/* End PBXSourcesBuildPhase section */

/* Begin XCBuildConfiguration section */
		A80000000000000000000001 /* Debug */ = {
			isa = XCBuildConfiguration;
			buildSettings = {
				CLANG_ENABLE_MODULES = YES;
				DEBUG_INFORMATION_FORMAT = dwarf;
				ENABLE_TESTABILITY = YES;
				GCC_OPTIMIZATION_LEVEL = 0;
				IPHONEOS_DEPLOYMENT_TARGET = 17.0;
				ONLY_ACTIVE_ARCH = YES;
				SDKROOT = iphoneos;
				SWIFT_ACTIVE_COMPILATION_CONDITIONS = "DEBUG $(inherited)";
				SWIFT_OPTIMIZATION_LEVEL = "-Onone";
			};
			name = Debug;
		};
		A80000000000000000000002 /* Release */ = {
			isa = XCBuildConfiguration;
			buildSettings = {
				CLANG_ENABLE_MODULES = YES;
				DEBUG_INFORMATION_FORMAT = "dwarf-with-dsym";
				IPHONEOS_DEPLOYMENT_TARGET = 17.0;
				SDKROOT = iphoneos;
				SWIFT_COMPILATION_MODE = wholemodule;
				SWIFT_OPTIMIZATION_LEVEL = "-O";
			};
			name = Release;
		};
		A80000000000000000000003 /* Debug */ = {
			isa = XCBuildConfiguration;
			buildSettings = {
				ASSETCATALOG_COMPILER_APPICON_NAME = AppIcon;
				CURRENT_PROJECT_VERSION = 1;
				GENERATE_INFOPLIST_FILE = YES;
				INFOPLIST_FILE = MEIT/Info.plist;
				INFOPLIST_KEY_CFBundleDisplayName = "meit ios";
				INFOPLIST_KEY_LSRequiresIPhoneOS = YES;
				INFOPLIST_KEY_NSMicrophoneUsageDescription = "meit ios uses the microphone to detect environmental sounds.";
				INFOPLIST_KEY_UIApplicationSceneManifest_Generation = YES;
				INFOPLIST_KEY_UILaunchScreen_Generation = YES;
				INFOPLIST_KEY_UISupportedInterfaceOrientations = UIInterfaceOrientationPortrait;
				LD_RUNPATH_SEARCH_PATHS = ("$(inherited)", "@executable_path/Frameworks",);
				MARKETING_VERSION = 0.1.0;
				PRODUCT_BUNDLE_IDENTIFIER = org.meit.ios;
				PRODUCT_NAME = "$(TARGET_NAME)";
				SUPPORTED_PLATFORMS = "iphoneos iphonesimulator";
				SUPPORTS_MACCATALYST = NO;
				SWIFT_VERSION = 5.0;
				TARGETED_DEVICE_FAMILY = 1;
			};
			name = Debug;
		};
		A80000000000000000000004 /* Release */ = {
			isa = XCBuildConfiguration;
			buildSettings = {
				ASSETCATALOG_COMPILER_APPICON_NAME = AppIcon;
				CURRENT_PROJECT_VERSION = 1;
				GENERATE_INFOPLIST_FILE = YES;
				INFOPLIST_FILE = MEIT/Info.plist;
				INFOPLIST_KEY_CFBundleDisplayName = "meit ios";
				INFOPLIST_KEY_LSRequiresIPhoneOS = YES;
				INFOPLIST_KEY_NSMicrophoneUsageDescription = "meit ios uses the microphone to detect environmental sounds.";
				INFOPLIST_KEY_UIApplicationSceneManifest_Generation = YES;
				INFOPLIST_KEY_UILaunchScreen_Generation = YES;
				INFOPLIST_KEY_UISupportedInterfaceOrientations = UIInterfaceOrientationPortrait;
				LD_RUNPATH_SEARCH_PATHS = ("$(inherited)", "@executable_path/Frameworks",);
				MARKETING_VERSION = 0.1.0;
				PRODUCT_BUNDLE_IDENTIFIER = org.meit.ios;
				PRODUCT_NAME = "$(TARGET_NAME)";
				SUPPORTED_PLATFORMS = "iphoneos iphonesimulator";
				SUPPORTS_MACCATALYST = NO;
				SWIFT_VERSION = 5.0;
				TARGETED_DEVICE_FAMILY = 1;
			};
			name = Release;
		};
/* End XCBuildConfiguration section */

/* Begin XCConfigurationList section */
		A90000000000000000000001 /* Build configuration list for PBXProject "MEIT" */ = {
			isa = XCConfigurationList;
			buildConfigurations = (A80000000000000000000001 /* Debug */, A80000000000000000000002 /* Release */,);
			defaultConfigurationIsVisible = 0;
			defaultConfigurationName = Release;
		};
		A90000000000000000000002 /* Build configuration list for PBXNativeTarget "MEIT" */ = {
			isa = XCConfigurationList;
			buildConfigurations = (A80000000000000000000003 /* Debug */, A80000000000000000000004 /* Release */,);
			defaultConfigurationIsVisible = 0;
			defaultConfigurationName = Release;
		};
/* End XCConfigurationList section */
	};
	rootObject = A60000000000000000000001 /* Project object */;
}
